
Microsoft Visual Studio Solution File, Format Version 12.00
# Visual Studio 15
VisualStudioVersion = 15.0.27130.2003
MinimumVisualStudioVersion = 10.0.40219.1
Project("{FAE04EC0-301F-11D3-BF4B-00C04F79EFBC}") = "GoogleHashCode2018", "GoogleHashCode2018\GoogleHashCode2018.csproj", "{0279C9CB-1D65-41FF-A2CB-5ACE6BB69896}"
EndProject
Global
	GlobalSection(SolutionConfigurationPlatforms) = preSolution
		Debug|Any CPU = Debug|Any CPU
		Release|Any CPU = Release|Any CPU
	EndGlobalSection
	GlobalSection(ProjectConfigurationPlatforms) = postSolution
		{0279C9CB-1D65-41FF-A2CB-5ACE6BB69896}.Debug|Any CPU.ActiveCfg = Debug|Any CPU
		{0279C9CB-1D65-41FF-A2CB-5ACE6BB69896}.Debug|Any CPU.Build.0 = Debug|Any CPU
		{0279C9CB-1D65-41FF-A2CB-5ACE6BB69896}.Release|Any CPU.ActiveCfg = Release|Any CPU
		{0279C9CB-1D65-41FF-A2CB-5ACE6BB69896}.Release|Any CPU.Build.0 = Release|Any CPU
	EndGlobalSection
	GlobalSection(SolutionProperties) = preSolution
		HideSolutionNode = FALSE
	EndGlobalSection
	GlobalSection(ExtensibilityGlobals) = postSolution
		SolutionGuid = {62E6DF2F-A078-4515-B8AF-411E8644F5A1}
	EndGlobalSection
EndGlobal
